
Microsoft Visual Studio Solution File, Format Version 12.00
# Visual Studio Version 17
VisualStudioVersion = 17.13.35913.81 d17.13
MinimumVisualStudioVersion = 10.0.40219.1
Project("{FAE04EC0-301F-11D3-BF4B-00C04F79EFBC}") = "WebAPIFirst", "WebAPIFirst.csproj", "{82C8224D-73B3-40FD-89AD-01FE9D27E60B}"
EndProject
Global
	GlobalSection(SolutionConfigurationPlatforms) = preSolution
		Debug|Any CPU = Debug|Any CPU
		Release|Any CPU = Release|Any CPU
	EndGlobalSection
	GlobalSection(ProjectConfigurationPlatforms) = postSolution
		{82C8224D-73B3-40FD-89AD-01FE9D27E60B}.Debug|Any CPU.ActiveCfg = Debug|Any CPU
		{82C8224D-73B3-40FD-89AD-01FE9D27E60B}.Debug|Any CPU.Build.0 = Debug|Any CPU
		{82C8224D-73B3-40FD-89AD-01FE9D27E60B}.Release|Any CPU.ActiveCfg = Release|Any CPU
		{82C8224D-73B3-40FD-89AD-01FE9D27E60B}.Release|Any CPU.Build.0 = Release|Any CPU
	EndGlobalSection
	GlobalSection(SolutionProperties) = preSolution
		HideSolutionNode = FALSE
	EndGlobalSection
	GlobalSection(ExtensibilityGlobals) = postSolution
		SolutionGuid = {D513629D-3264-4FA8-8A59-1081A9639ECA}
	EndGlobalSection
EndGlobal
